// !$*UTF8*$!
{
	archiveVersion = 1;
	classes = {
	};
	objectVersion = 77;
	objects = {

/* Begin PBXContainerItemProxy section */
		E89D21582D7EFCB10046B722 /* PBXContainerItemProxy */ = {
			isa = PBXContainerItemProxy;
			containerPortal = E89D213F2D7EFCAF0046B722 /* Project object */;
			proxyType = 1;
			remoteGlobalIDString = E89D21462D7EFCAF0046B722;
			remoteInfo = CachedData;
		};
		E89D21622D7EFCB10046B722 /* PBXContainerItemProxy */ = {
			isa = PBXContainerItemProxy;
			containerPortal = E89D213F2D7EFCAF0046B722 /* Project object */;
			proxyType = 1;
			remoteGlobalIDString = E89D21462D7EFCAF0046B722;
			remoteInfo = CachedData;
		};
/* End PBXContainerItemProxy section */

/* Begin PBXFileReference section */
		E89D21472D7EFCB00046B722 /* CachedData.app */ = {isa = PBXFileReference; explicitFileType = wrapper.application; includeInIndex = 0; path = CachedData.app; sourceTree = BUILT_PRODUCTS_DIR; };
		E89D21572D7EFCB10046B722 /* CachedDataTests.xctest */ = {isa = PBXFileReference; explicitFileType = wrapper.cfbundle; includeInIndex = 0; path = CachedDataTests.xctest; sourceTree = BUILT_PRODUCTS_DIR; };
		E89D21612D7EFCB10046B722 /* CachedDataUITests.xctest */ = {isa = PBXFileReference; explicitFileType = wrapper.cfbundle; includeInIndex = 0; path = CachedDataUITests.xctest; sourceTree = BUILT_PRODUCTS_DIR; };
/* End PBXFileReference section */

/* Begin PBXFileSystemSynchronizedRootGroup section */
		E89D21492D7EFCB00046B722 /* CachedData */ = {
			isa = PBXFileSystemSynchronizedRootGroup;
			path = CachedData;
			sourceTree = "<group>";
		};
		E89D215A2D7EFCB10046B722 /* CachedDataTests */ = {
			isa = PBXFileSystemSynchronizedRootGroup;
			path = CachedDataTests;
			sourceTree = "<group>";
		};
/* End PBXFileSystemSynchronizedRootGroup section */

/* Begin PBXFrameworksBuildPhase section */
		E89D21442D7EFCAF0046B722 /* Frameworks */ = {
			isa = PBXFrameworksBuildPhase;
			buildActionMask = 2147483647;
			files = (
			);
			runOnlyForDeploymentPostprocessing = 0;
		};
		E89D21542D7EFCB10046B722 /* Frameworks */ = {
			isa = PBXFrameworksBuildPhase;
			buildActionMask = 2147483647;
			files = (
			);
			runOnlyForDeploymentPostprocessing = 0;
		};
		E89D215E2D7EFCB10046B722 /* Frameworks */ = {
			isa = PBXFrameworksBuildPhase;
			buildActionMask = 2147483647;
			files = (
			);
			runOnlyForDeploymentPostprocessing = 0;
		};
/* End PBXFrameworksBuildPhase section */

/* Begin PBXGroup section */
		E89D213E2D7EFCAF0046B722 = {
			isa = PBXGroup;
			children = (
				E89D21492D7EFCB00046B722 /* CachedData */,
				E89D215A2D7EFCB10046B722 /* CachedDataTests */,
				E89D21482D7EFCB00046B722 /* Products */,
			);
			sourceTree = "<group>";
		};
		E89D21482D7EFCB00046B722 /* Products */ = {
			isa = PBXGroup;
			children = (
				E89D21472D7EFCB00046B722 /* CachedData.app */,
				E89D21572D7EFCB10046B722 /* CachedDataTests.xctest */,
				E89D21612D7EFCB10046B722 /* CachedDataUITests.xctest */,
			);
			name = Products;
			sourceTree = "<group>";
		};
/* End PBXGroup section */

/* Begin PBXNativeTarget section */
		E89D21462D7EFCAF0046B722 /* CachedData */ = {
			isa = PBXNativeTarget;
			buildConfigurationList = E89D216B2D7EFCB10046B722 /* Build configuration list for PBXNativeTarget "CachedData" */;
			buildPhases = (
				E89D21432D7EFCAF0046B722 /* Sources */,
				E89D21442D7EFCAF0046B722 /* Frameworks */,
				E89D21452D7EFCAF0046B722 /* Resources */,
			);
			buildRules = (
			);
			dependencies = (
			);
			fileSystemSynchronizedGroups = (
				E89D21492D7EFCB00046B722 /* CachedData */,
			);
			name = CachedData;
			packageProductDependencies = (
			);
			productName = CachedData;
			productReference = E89D21472D7EFCB00046B722 /* CachedData.app */;
			productType = "com.apple.product-type.application";
		};
		E89D21562D7EFCB10046B722 /* CachedDataTests */ = {
			isa = PBXNativeTarget;
			buildConfigurationList = E89D216E2D7EFCB10046B722 /* Build configuration list for PBXNativeTarget "CachedDataTests" */;
			buildPhases = (
				E89D21532D7EFCB10046B722 /* Sources */,
				E89D21542D7EFCB10046B722 /* Frameworks */,
				E89D21552D7EFCB10046B722 /* Resources */,
			);
			buildRules = (
			);
			dependencies = (
				E89D21592D7EFCB10046B722 /* PBXTargetDependency */,
			);
			fileSystemSynchronizedGroups = (
				E89D215A2D7EFCB10046B722 /* CachedDataTests */,
			);
			name = CachedDataTests;
			packageProductDependencies = (
			);
			productName = CachedDataTests;
			productReference = E89D21572D7EFCB10046B722 /* CachedDataTests.xctest */;
			productType = "com.apple.product-type.bundle.unit-test";
		};
		E89D21602D7EFCB10046B722 /* CachedDataUITests */ = {
			isa = PBXNativeTarget;
			buildConfigurationList = E89D21712D7EFCB10046B722 /* Build configuration list for PBXNativeTarget "CachedDataUITests" */;
			buildPhases = (
				E89D215D2D7EFCB10046B722 /* Sources */,
				E89D215E2D7EFCB10046B722 /* Frameworks */,
				E89D215F2D7EFCB10046B722 /* Resources */,
			);
			buildRules = (
			);
			dependencies = (
				E89D21632D7EFCB10046B722 /* PBXTargetDependency */,
			);
			name = CachedDataUITests;
			packageProductDependencies = (
			);
			productName = CachedDataUITests;
			productReference = E89D21612D7EFCB10046B722 /* CachedDataUITests.xctest */;
			productType = "com.apple.product-type.bundle.ui-testing";
		};
/* End PBXNativeTarget section */

/* Begin PBXProject section */
		E89D213F2D7EFCAF0046B722 /* Project object */ = {
			isa = PBXProject;
			attributes = {
				BuildIndependentTargetsInParallel = 1;
				LastSwiftUpdateCheck = 1600;
				LastUpgradeCheck = 1600;
				TargetAttributes = {
					E89D21462D7EFCAF0046B722 = {
						CreatedOnToolsVersion = 16.0;
					};
					E89D21562D7EFCB10046B722 = {
						CreatedOnToolsVersion = 16.0;
						TestTargetID = E89D21462D7EFCAF0046B722;
					};
					E89D21602D7EFCB10046B722 = {
						CreatedOnToolsVersion = 16.0;
						TestTargetID = E89D21462D7EFCAF0046B722;
					};
				};
			};
			buildConfigurationList = E89D21422D7EFCAF0046B722 /* Build configuration list for PBXProject "CachedData" */;
			developmentRegion = en;
			hasScannedForEncodings = 0;
			knownRegions = (
				en,
				Base,
			);
			mainGroup = E89D213E2D7EFCAF0046B722;
			minimizedProjectReferenceProxies = 1;
			preferredProjectObjectVersion = 77;
			productRefGroup = E89D21482D7EFCB00046B722 /* Products */;
			projectDirPath = "";
			projectRoot = "";
			targets = (
				E89D21462D7EFCAF0046B722 /* CachedData */,
				E89D21562D7EFCB10046B722 /* CachedDataTests */,
				E89D21602D7EFCB10046B722 /* CachedDataUITests */,
			);
		};
/* End PBXProject section */

/* Begin PBXResourcesBuildPhase section */
		E89D21452D7EFCAF0046B722 /* Resources */ = {
			isa = PBXResourcesBuildPhase;
			buildActionMask = 2147483647;
			files = (
			);
			runOnlyForDeploymentPostprocessing = 0;
		};
		E89D21552D7EFCB10046B722 /* Resources */ = {
			isa = PBXResourcesBuildPhase;
			buildActionMask = 2147483647;
			files = (
			);
			runOnlyForDeploymentPostprocessing = 0;
		};
		E89D215F2D7EFCB10046B722 /* Resources */ = {
			isa = PBXResourcesBuildPhase;
			buildActionMask = 2147483647;
			files = (
			);
			runOnlyForDeploymentPostprocessing = 0;
		};
/* End PBXResourcesBuildPhase section */

/* Begin PBXSourcesBuildPhase section */
		E89D21432D7EFCAF0046B722 /* Sources */ = {
			isa = PBXSourcesBuildPhase;
			buildActionMask = 2147483647;
			files = (
			);
			runOnlyForDeploymentPostprocessing = 0;
		};
		E89D21532D7EFCB10046B722 /* Sources */ = {
			isa = PBXSourcesBuildPhase;
			buildActionMask = 2147483647;
			files = (
			);
			runOnlyForDeploymentPostprocessing = 0;
		};
		E89D215D2D7EFCB10046B722 /* Sources */ = {
			isa = PBXSourcesBuildPhase;
			buildActionMask = 2147483647;
			files = (
			);
			runOnlyForDeploymentPostprocessing = 0;
		};
/* End PBXSourcesBuildPhase section */

/* Begin PBXTargetDependency section */
		E89D21592D7EFCB10046B722 /* PBXTargetDependency */ = {
			isa = PBXTargetDependency;
			target = E89D21462D7EFCAF0046B722 /* CachedData */;
			targetProxy = E89D21582D7EFCB10046B722 /* PBXContainerItemProxy */;
		};
		E89D21632D7EFCB10046B722 /* PBXTargetDependency */ = {
			isa = PBXTargetDependency;
			target = E89D21462D7EFCAF0046B722 /* CachedData */;
			targetProxy = E89D21622D7EFCB10046B722 /* PBXContainerItemProxy */;
		};
/* End PBXTargetDependency section */

/* Begin XCBuildConfiguration section */
		E89D21692D7EFCB10046B722 /* Debug */ = {
			isa = XCBuildConfiguration;
			buildSettings = {
				ALWAYS_SEARCH_USER_PATHS = NO;
				ASSETCATALOG_COMPILER_GENERATE_SWIFT_ASSET_SYMBOL_EXTENSIONS = YES;
				CLANG_ANALYZER_NONNULL = YES;
				CLANG_ANALYZER_NUMBER_OBJECT_CONVERSION = YES_AGGRESSIVE;
				CLANG_CXX_LANGUAGE_STANDARD = "gnu++20";
				CLANG_ENABLE_MODULES = YES;
				CLANG_ENABLE_OBJC_ARC = YES;
				CLANG_ENABLE_OBJC_WEAK = YES;
				CLANG_WARN_BLOCK_CAPTURE_AUTORELEASING = YES;
				CLANG_WARN_BOOL_CONVERSION = YES;
				CLANG_WARN_COMMA = YES;
				CLANG_WARN_CONSTANT_CONVERSION = YES;
				CLANG_WARN_DEPRECATED_OBJC_IMPLEMENTATIONS = YES;
				CLANG_WARN_DIRECT_OBJC_ISA_USAGE = YES_ERROR;
				CLANG_WARN_DOCUMENTATION_COMMENTS = YES;
				CLANG_WARN_EMPTY_BODY = YES;
				CLANG_WARN_ENUM_CONVERSION = YES;
				CLANG_WARN_INFINITE_RECURSION = YES;
				CLANG_WARN_INT_CONVERSION = YES;
				CLANG_WARN_NON_LITERAL_NULL_CONVERSION = YES;
				CLANG_WARN_OBJC_IMPLICIT_RETAIN_SELF = YES;
				CLANG_WARN_OBJC_LITERAL_CONVERSION = YES;
				CLANG_WARN_OBJC_ROOT_CLASS = YES_ERROR;
				CLANG_WARN_QUOTED_INCLUDE_IN_FRAMEWORK_HEADER = YES;
				CLANG_WARN_RANGE_LOOP_ANALYSIS = YES;
				CLANG_WARN_STRICT_PROTOTYPES = YES;
				CLANG_WARN_SUSPICIOUS_MOVE = YES;
				CLANG_WARN_UNGUARDED_AVAILABILITY = YES_AGGRESSIVE;
				CLANG_WARN_UNREACHABLE_CODE = YES;
				CLANG_WARN__DUPLICATE_METHOD_MATCH = YES;
				COPY_PHASE_STRIP = NO;
				DEBUG_INFORMATION_FORMAT = dwarf;
				ENABLE_STRICT_OBJC_MSGSEND = YES;
				ENABLE_TESTABILITY = YES;
				ENABLE_USER_SCRIPT_SANDBOXING = YES;
				GCC_C_LANGUAGE_STANDARD = gnu17;
				GCC_DYNAMIC_NO_PIC = NO;
				GCC_NO_COMMON_BLOCKS = YES;
				GCC_OPTIMIZATION_LEVEL = 0;
				GCC_PREPROCESSOR_DEFINITIONS = (
					"DEBUG=1",
					"$(inherited)",
				);
				GCC_WARN_64_TO_32_BIT_CONVERSION = YES;
				GCC_WARN_ABOUT_RETURN_TYPE = YES_ERROR;
				GCC_WARN_UNDECLARED_SELECTOR = YES;
				GCC_WARN_UNINITIALIZED_AUTOS = YES_AGGRESSIVE;
				GCC_WARN_UNUSED_FUNCTION = YES;
				GCC_WARN_UNUSED_VARIABLE = YES;
				IPHONEOS_DEPLOYMENT_TARGET = 18.0;
				LOCALIZATION_PREFERS_STRING_CATALOGS = YES;
				MTL_ENABLE_DEBUG_INFO = INCLUDE_SOURCE;
				MTL_FAST_MATH = YES;
				ONLY_ACTIVE_ARCH = YES;
				SDKROOT = iphoneos;
				SWIFT_ACTIVE_COMPILATION_CONDITIONS = "DEBUG $(inherited)";
				SWIFT_OPTIMIZATION_LEVEL = "-Onone";
			};
			name = Debug;
		};
		E89D216A2D7EFCB10046B722 /* Release */ = {
			isa = XCBuildConfiguration;
			buildSettings = {
				ALWAYS_SEARCH_USER_PATHS = NO;
				ASSETCATALOG_COMPILER_GENERATE_SWIFT_ASSET_SYMBOL_EXTENSIONS = YES;
				CLANG_ANALYZER_NONNULL = YES;
				CLANG_ANALYZER_NUMBER_OBJECT_CONVERSION = YES_AGGRESSIVE;
				CLANG_CXX_LANGUAGE_STANDARD = "gnu++20";
				CLANG_ENABLE_MODULES = YES;
				CLANG_ENABLE_OBJC_ARC = YES;
				CLANG_ENABLE_OBJC_WEAK = YES;
				CLANG_WARN_BLOCK_CAPTURE_AUTORELEASING = YES;
				CLANG_WARN_BOOL_CONVERSION = YES;
				CLANG_WARN_COMMA = YES;
				CLANG_WARN_CONSTANT_CONVERSION = YES;
				CLANG_WARN_DEPRECATED_OBJC_IMPLEMENTATIONS = YES;
				CLANG_WARN_DIRECT_OBJC_ISA_USAGE = YES_ERROR;
				CLANG_WARN_DOCUMENTATION_COMMENTS = YES;
				CLANG_WARN_EMPTY_BODY = YES;
				CLANG_WARN_ENUM_CONVERSION = YES;
				CLANG_WARN_INFINITE_RECURSION = YES;
				CLANG_WARN_INT_CONVERSION = YES;
				CLANG_WARN_NON_LITERAL_NULL_CONVERSION = YES;
				CLANG_WARN_OBJC_IMPLICIT_RETAIN_SELF = YES;
				CLANG_WARN_OBJC_LITERAL_CONVERSION = YES;
				CLANG_WARN_OBJC_ROOT_CLASS = YES_ERROR;
				CLANG_WARN_QUOTED_INCLUDE_IN_FRAMEWORK_HEADER = YES;
				CLANG_WARN_RANGE_LOOP_ANALYSIS = YES;
				CLANG_WARN_STRICT_PROTOTYPES = YES;
				CLANG_WARN_SUSPICIOUS_MOVE = YES;
				CLANG_WARN_UNGUARDED_AVAILABILITY = YES_AGGRESSIVE;
				CLANG_WARN_UNREACHABLE_CODE = YES;
				CLANG_WARN__DUPLICATE_METHOD_MATCH = YES;
				COPY_PHASE_STRIP = NO;
				DEBUG_INFORMATION_FORMAT = "dwarf-with-dsym";
				ENABLE_NS_ASSERTIONS = NO;
				ENABLE_STRICT_OBJC_MSGSEND = YES;
				ENABLE_USER_SCRIPT_SANDBOXING = YES;
				GCC_C_LANGUAGE_STANDARD = gnu17;
				GCC_NO_COMMON_BLOCKS = YES;
				GCC_WARN_64_TO_32_BIT_CONVERSION = YES;
				GCC_WARN_ABOUT_RETURN_TYPE = YES_ERROR;
				GCC_WARN_UNDECLARED_SELECTOR = YES;
				GCC_WARN_UNINITIALIZED_AUTOS = YES_AGGRESSIVE;
				GCC_WARN_UNUSED_FUNCTION = YES;
				GCC_WARN_UNUSED_VARIABLE = YES;
				IPHONEOS_DEPLOYMENT_TARGET = 18.0;
				LOCALIZATION_PREFERS_STRING_CATALOGS = YES;
				MTL_ENABLE_DEBUG_INFO = NO;
				MTL_FAST_MATH = YES;
				SDKROOT = iphoneos;
				SWIFT_COMPILATION_MODE = wholemodule;
				VALIDATE_PRODUCT = YES;
			};
			name = Release;
		};
		E89D216C2D7EFCB10046B722 /* Debug */ = {
			isa = XCBuildConfiguration;
			buildSettings = {
				ASSETCATALOG_COMPILER_APPICON_NAME = AppIcon;
				ASSETCATALOG_COMPILER_GLOBAL_ACCENT_COLOR_NAME = AccentColor;
				CODE_SIGN_STYLE = Automatic;
				CURRENT_PROJECT_VERSION = 1;
				DEVELOPMENT_ASSET_PATHS = "\"CachedData/Preview Content\"";
				DEVELOPMENT_TEAM = 9JG3D6BYC9;
				ENABLE_PREVIEWS = YES;
				GENERATE_INFOPLIST_FILE = YES;
				INFOPLIST_KEY_UIApplicationSceneManifest_Generation = YES;
				INFOPLIST_KEY_UIApplicationSupportsIndirectInputEvents = YES;
				INFOPLIST_KEY_UILaunchScreen_Generation = YES;
				INFOPLIST_KEY_UISupportedInterfaceOrientations_iPad = "UIInterfaceOrientationPortrait UIInterfaceOrientationPortraitUpsideDown UIInterfaceOrientationLandscapeLeft UIInterfaceOrientationLandscapeRight";
				INFOPLIST_KEY_UISupportedInterfaceOrientations_iPhone = "UIInterfaceOrientationPortrait UIInterfaceOrientationLandscapeLeft UIInterfaceOrientationLandscapeRight";
				LD_RUNPATH_SEARCH_PATHS = (
					"$(inherited)",
					"@executable_path/Frameworks",
				);
				MARKETING_VERSION = 1.0;
				PRODUCT_BUNDLE_IDENTIFIER = com.osem.CachedData;
				PRODUCT_NAME = "$(TARGET_NAME)";
				SWIFT_EMIT_LOC_STRINGS = YES;
				SWIFT_VERSION = 5.0;
				TARGETED_DEVICE_FAMILY = "1,2";
			};
			name = Debug;
		};
		E89D216D2D7EFCB10046B722 /* Release */ = {
			isa = XCBuildConfiguration;
			buildSettings = {
				ASSETCATALOG_COMPILER_APPICON_NAME = AppIcon;
				ASSETCATALOG_COMPILER_GLOBAL_ACCENT_COLOR_NAME = AccentColor;
				CODE_SIGN_STYLE = Automatic;
				CURRENT_PROJECT_VERSION = 1;
				DEVELOPMENT_ASSET_PATHS = "\"CachedData/Preview Content\"";
				DEVELOPMENT_TEAM = 9JG3D6BYC9;
				ENABLE_PREVIEWS = YES;
				GENERATE_INFOPLIST_FILE = YES;
				INFOPLIST_KEY_UIApplicationSceneManifest_Generation = YES;
				INFOPLIST_KEY_UIApplicationSupportsIndirectInputEvents = YES;
				INFOPLIST_KEY_UILaunchScreen_Generation = YES;
				INFOPLIST_KEY_UISupportedInterfaceOrientations_iPad = "UIInterfaceOrientationPortrait UIInterfaceOrientationPortraitUpsideDown UIInterfaceOrientationLandscapeLeft UIInterfaceOrientationLandscapeRight";
				INFOPLIST_KEY_UISupportedInterfaceOrientations_iPhone = "UIInterfaceOrientationPortrait UIInterfaceOrientationLandscapeLeft UIInterfaceOrientationLandscapeRight";
				LD_RUNPATH_SEARCH_PATHS = (
					"$(inherited)",
					"@executable_path/Frameworks",
				);
				MARKETING_VERSION = 1.0;
				PRODUCT_BUNDLE_IDENTIFIER = com.osem.CachedData;
				PRODUCT_NAME = "$(TARGET_NAME)";
				SWIFT_EMIT_LOC_STRINGS = YES;
				SWIFT_VERSION = 5.0;
				TARGETED_DEVICE_FAMILY = "1,2";
			};
			name = Release;
		};
		E89D216F2D7EFCB10046B722 /* Debug */ = {
			isa = XCBuildConfiguration;
			buildSettings = {
				BUNDLE_LOADER = "$(TEST_HOST)";
				CODE_SIGN_STYLE = Automatic;
				CURRENT_PROJECT_VERSION = 1;
				GENERATE_INFOPLIST_FILE = YES;
				IPHONEOS_DEPLOYMENT_TARGET = 18.0;
				MARKETING_VERSION = 1.0;
				PRODUCT_BUNDLE_IDENTIFIER = com.osem.CachedDataTests;
				PRODUCT_NAME = "$(TARGET_NAME)";
				SWIFT_EMIT_LOC_STRINGS = NO;
				SWIFT_VERSION = 5.0;
				TARGETED_DEVICE_FAMILY = "1,2";
				TEST_HOST = "$(BUILT_PRODUCTS_DIR)/CachedData.app/$(BUNDLE_EXECUTABLE_FOLDER_PATH)/CachedData";
			};
			name = Debug;
		};
		E89D21702D7EFCB10046B722 /* Release */ = {
			isa = XCBuildConfiguration;
			buildSettings = {
				BUNDLE_LOADER = "$(TEST_HOST)";
				CODE_SIGN_STYLE = Automatic;
				CURRENT_PROJECT_VERSION = 1;
				GENERATE_INFOPLIST_FILE = YES;
				IPHONEOS_DEPLOYMENT_TARGET = 18.0;
				MARKETING_VERSION = 1.0;
				PRODUCT_BUNDLE_IDENTIFIER = com.osem.CachedDataTests;
				PRODUCT_NAME = "$(TARGET_NAME)";
				SWIFT_EMIT_LOC_STRINGS = NO;
				SWIFT_VERSION = 5.0;
				TARGETED_DEVICE_FAMILY = "1,2";
				TEST_HOST = "$(BUILT_PRODUCTS_DIR)/CachedData.app/$(BUNDLE_EXECUTABLE_FOLDER_PATH)/CachedData";
			};
			name = Release;
		};
		E89D21722D7EFCB10046B722 /* Debug */ = {
			isa = XCBuildConfiguration;
			buildSettings = {
				CODE_SIGN_STYLE = Automatic;
				CURRENT_PROJECT_VERSION = 1;
				GENERATE_INFOPLIST_FILE = YES;
				MARKETING_VERSION = 1.0;
				PRODUCT_BUNDLE_IDENTIFIER = com.osem.CachedDataUITests;
				PRODUCT_NAME = "$(TARGET_NAME)";
				SWIFT_EMIT_LOC_STRINGS = NO;
				SWIFT_VERSION = 5.0;
				TARGETED_DEVICE_FAMILY = "1,2";
				TEST_TARGET_NAME = CachedData;
			};
			name = Debug;
		};
		E89D21732D7EFCB10046B722 /* Release */ = {
			isa = XCBuildConfiguration;
			buildSettings = {
				CODE_SIGN_STYLE = Automatic;
				CURRENT_PROJECT_VERSION = 1;
				GENERATE_INFOPLIST_FILE = YES;
				MARKETING_VERSION = 1.0;
				PRODUCT_BUNDLE_IDENTIFIER = com.osem.CachedDataUITests;
				PRODUCT_NAME = "$(TARGET_NAME)";
				SWIFT_EMIT_LOC_STRINGS = NO;
				SWIFT_VERSION = 5.0;
				TARGETED_DEVICE_FAMILY = "1,2";
				TEST_TARGET_NAME = CachedData;
			};
			name = Release;
		};
/* End XCBuildConfiguration section */

/* Begin XCConfigurationList section */
		E89D21422D7EFCAF0046B722 /* Build configuration list for PBXProject "CachedData" */ = {
			isa = XCConfigurationList;
			buildConfigurations = (
				E89D21692D7EFCB10046B722 /* Debug */,
				E89D216A2D7EFCB10046B722 /* Release */,
			);
			defaultConfigurationIsVisible = 0;
			defaultConfigurationName = Release;
		};
		E89D216B2D7EFCB10046B722 /* Build configuration list for PBXNativeTarget "CachedData" */ = {
			isa = XCConfigurationList;
			buildConfigurations = (
				E89D216C2D7EFCB10046B722 /* Debug */,
				E89D216D2D7EFCB10046B722 /* Release */,
			);
			defaultConfigurationIsVisible = 0;
			defaultConfigurationName = Release;
		};
		E89D216E2D7EFCB10046B722 /* Build configuration list for PBXNativeTarget "CachedDataTests" */ = {
			isa = XCConfigurationList;
			buildConfigurations = (
				E89D216F2D7EFCB10046B722 /* Debug */,
				E89D21702D7EFCB10046B722 /* Release */,
			);
			defaultConfigurationIsVisible = 0;
			defaultConfigurationName = Release;
		};
		E89D21712D7EFCB10046B722 /* Build configuration list for PBXNativeTarget "CachedDataUITests" */ = {
			isa = XCConfigurationList;
			buildConfigurations = (
				E89D21722D7EFCB10046B722 /* Debug */,
				E89D21732D7EFCB10046B722 /* Release */,
			);
			defaultConfigurationIsVisible = 0;
			defaultConfigurationName = Release;
		};
/* End XCConfigurationList section */
	};
	rootObject = E89D213F2D7EFCAF0046B722 /* Project object */;
}
